
Microsoft Visual Studio Solution File, Format Version 12.00
# Visual Studio Version 16
VisualStudioVersion = 16.0.29926.136
MinimumVisualStudioVersion = 10.0.40219.1
Project("{FAE04EC0-301F-11D3-BF4B-00C04F79EFBC}") = "BKabanApi", "BKabanApi\BKabanApi.csproj", "{ECC8380F-B3B5-46FC-9A97-80D114696B74}"
EndProject
Global
	GlobalSection(SolutionConfigurationPlatforms) = preSolution
		Debug|Any CPU = Debug|Any CPU
		Release|Any CPU = Release|Any CPU
	EndGlobalSection
	GlobalSection(ProjectConfigurationPlatforms) = postSolution
		{ECC8380F-B3B5-46FC-9A97-80D114696B74}.Debug|Any CPU.ActiveCfg = Debug|Any CPU
		{ECC8380F-B3B5-46FC-9A97-80D114696B74}.Debug|Any CPU.Build.0 = Debug|Any CPU
		{ECC8380F-B3B5-46FC-9A97-80D114696B74}.Release|Any CPU.ActiveCfg = Release|Any CPU
		{ECC8380F-B3B5-46FC-9A97-80D114696B74}.Release|Any CPU.Build.0 = Release|Any CPU
	EndGlobalSection
	GlobalSection(SolutionProperties) = preSolution
		HideSolutionNode = FALSE
	EndGlobalSection
	GlobalSection(ExtensibilityGlobals) = postSolution
		SolutionGuid = {AC63E7FB-DC83-4B62-8DEA-040D6886C288}
	EndGlobalSection
EndGlobal
